<?xml version="1.0" encoding="utf-8"?>
<Project ToolsVersion="4.0" xmlns="http://schemas.microsoft.com/developer/msbuild/2003">
  <ItemGroup>
    <Filter Include="Source Files">
      <UniqueIdentifier>{4FC737F1-C7A5-4376-A066-2A32D752A2FF}</UniqueIdentifier>
      <Extensions>cpp;c;cc;cxx;def;odl;idl;hpj;bat;asm;asmx</Extensions>
    </Filter>
    <Filter Include="Header Files">
      <UniqueIdentifier>{93995380-89BD-4b04-88EB-625FBE52EBFB}</UniqueIdentifier>
      <Extensions>h;hh;hpp;hxx;hm;inl;inc;ipp;xsd</Extensions>
    </Filter>
    <Filter Include="Resource Files">
      <UniqueIdentifier>{67DA6AB6-F800-4c08-8B7A-83BB121AAD01}</UniqueIdentifier>
      <Extensions>rc;ico;cur;bmp;dlg;rc2;rct;bin;rgs;gif;jpg;jpeg;jpe;resx;tiff;tif;png;wav;mfcribbon-ms</Extensions>
    </Filter>
  </ItemGroup>
  <ItemGroup>
    <ClInclude Include="pch.h">
      <Filter>Header Files</Filter>
    </ClInclude>
    <ClInclude Include="Media.h">
      <Filter>Header Files</Filter>
    </ClInclude>
    <ClInclude Include="State.h">
      <Filter>Header Files</Filter>
    </ClInclude>
    <ClInclude Include="LoadingState.h">
      <Filter>Header Files</Filter>
    </ClInclude>
    <ClInclude Include="Controller.h">
      <Filter>Header Files</Filter>
    </ClInclude>
    <ClInclude Include="CSMode.h">
      <Filter>Header Files</Filter>
    </ClInclude>
    <ClInclude Include="GameState.h">
      <Filter>Header Files</Filter>
    </ClInclude>
    <ClInclude Include="ConnectionManager.h">
      <Filter>Header Files</Filter>
    </ClInclude>
    <ClInclude Include="Util.h">
      <Filter>Header Files</Filter>
    </ClInclude>
    <ClInclude Include="Packet.h">
      <Filter>Header Files</Filter>
    </ClInclude>
    <ClInclude Include="Entity.h">
      <Filter>Header Files</Filter>
    </ClInclude>
    <ClInclude Include="LivingEntity.h">
      <Filter>Header Files</Filter>
    </ClInclude>
    <ClInclude Include="Player.h">
      <Filter>Header Files</Filter>
    </ClInclude>
    <ClInclude Include="Enemy.h">
      <Filter>Header Files</Filter>
    </ClInclude>
    <ClInclude Include="Enemy1.h">
      <Filter>Header Files</Filter>
    </ClInclude>
    <ClInclude Include="Projectile.h">
      <Filter>Header Files</Filter>
    </ClInclude>
    <ClInclude Include="World.h">
      <Filter>Header Files</Filter>
    </ClInclude>
    <ClInclude Include="TileBox.h">
      <Filter>Header Files</Filter>
    </ClInclude>
    <ClInclude Include="Stats.h">
      <Filter>Header Files</Filter>
    </ClInclude>
    <ClInclude Include="GameMenu.h">
      <Filter>Header Files</Filter>
    </ClInclude>
    <ClInclude Include="Button.h">
      <Filter>Header Files</Filter>
    </ClInclude>
    <ClInclude Include="Inventory.h">
      <Filter>Header Files</Filter>
    </ClInclude>
    <ClInclude Include="Item.h">
      <Filter>Header Files</Filter>
    </ClInclude>
    <ClInclude Include="EMuncher.h">
      <Filter>Header Files</Filter>
    </ClInclude>
    <ClInclude Include="LootChest.h">
      <Filter>Header Files</Filter>
    </ClInclude>
    <ClInclude Include="PlayerInfo.h">
      <Filter>Header Files</Filter>
    </ClInclude>
    <ClInclude Include="LootUI.h">
      <Filter>Header Files</Filter>
    </ClInclude>
    <ClInclude Include="EEyeSpore.h">
      <Filter>Header Files</Filter>
    </ClInclude>
    <ClInclude Include="Tile.h">
      <Filter>Header Files</Filter>
    </ClInclude>
    <ClInclude Include="Biome.h">
      <Filter>Header Files</Filter>
    </ClInclude>
    <ClInclude Include="DungeonEntrance.h">
      <Filter>Header Files</Filter>
    </ClInclude>
    <ClInclude Include="DisplayTileEntity.h">
      <Filter>Header Files</Filter>
    </ClInclude>
    <ClInclude Include="MapGenerator.h">
      <Filter>Header Files</Filter>
    </ClInclude>
    <ClInclude Include="OverworldGenerator.h">
      <Filter>Header Files</Filter>
    </ClInclude>
    <ClInclude Include="DungeonGenerator.h">
      <Filter>Header Files</Filter>
    </ClInclude>
    <ClInclude Include="DesertDungeonGenerator.h">
      <Filter>Header Files</Filter>
    </ClInclude>
    <ClInclude Include="Spawner.h">
      <Filter>Header Files</Filter>
    </ClInclude>
    <ClInclude Include="ESandGolem.h">
      <Filter>Header Files</Filter>
    </ClInclude>
    <ClInclude Include="DamageText.h">
      <Filter>Header Files</Filter>
    </ClInclude>
    <ClInclude Include="EMummyBoss.h">
      <Filter>Header Files</Filter>
    </ClInclude>
    <ClInclude Include="ChatManager.h">
      <Filter>Header Files</Filter>
    </ClInclude>
    <ClInclude Include="TextInput.h">
      <Filter>Header Files</Filter>
    </ClInclude>
    <ClInclude Include="ItemHoverUI.h">
      <Filter>Header Files</Filter>
    </ClInclude>
    <ClInclude Include="Enemy2.h">
      <Filter>Header Files</Filter>
    </ClInclude>
    <ClInclude Include="EIceEnemy.h">
      <Filter>Header Files</Filter>
    </ClInclude>
    <ClInclude Include="Types.h">
      <Filter>Header Files</Filter>
    </ClInclude>
    <ClInclude Include="PlayerViewUI.h">
      <Filter>Header Files</Filter>
    </ClInclude>
    <ClInclude Include="XPBarUI.h">
      <Filter>Header Files</Filter>
    </ClInclude>
    <ClInclude Include="StatsText.h">
      <Filter>Header Files</Filter>
    </ClInclude>
    <ClInclude Include="Minimap.h">
      <Filter>Header Files</Filter>
    </ClInclude>
    <ClInclude Include="EScorpion.h">
      <Filter>Header Files</Filter>
    </ClInclude>
    <ClInclude Include="ESlime.h">
      <Filter>Header Files</Filter>
    </ClInclude>
    <ClInclude Include="EFireMage.h">
      <Filter>Header Files</Filter>
    </ClInclude>
    <ClInclude Include="EArcher.h">
      <Filter>Header Files</Filter>
    </ClInclude>
    <ClInclude Include="AllEnemies.h">
      <Filter>Header Files</Filter>
    </ClInclude>
    <ClInclude Include="ECursedCactus.h">
      <Filter>Header Files</Filter>
    </ClInclude>
    <ClInclude Include="EDarkMuncher.h">
      <Filter>Header Files</Filter>
    </ClInclude>
    <ClInclude Include="EElfArcher.h">
      <Filter>Header Files</Filter>
    </ClInclude>
    <ClInclude Include="EElfKnight.h">
      <Filter>Header Files</Filter>
    </ClInclude>
    <ClInclude Include="ECursedElfKnight.h">
      <Filter>Header Files</Filter>
    </ClInclude>
    <ClInclude Include="ELeafling.h">
      <Filter>Header Files</Filter>
    </ClInclude>
    <ClInclude Include="GrasslandsDungeonGenerator.h">
      <Filter>Header Files</Filter>
    </ClInclude>
    <ClInclude Include="EEnt.h">
      <Filter>Header Files</Filter>
    </ClInclude>
    <ClInclude Include="ESpider.h">
      <Filter>Header Files</Filter>
    </ClInclude>
    <ClInclude Include="TopLayerTile.h">
      <Filter>Header Files</Filter>
    </ClInclude>
    <ClInclude Include="EMegaMuncher.h">
      <Filter>Header Files</Filter>
    </ClInclude>
  </ItemGroup>
  <ItemGroup>
    <ClCompile Include="pch.cpp">
      <Filter>Source Files</Filter>
    </ClCompile>
    <ClCompile Include="SFML_Test.cpp">
      <Filter>Source Files</Filter>
    </ClCompile>
    <ClCompile Include="Media.cpp">
      <Filter>Source Files</Filter>
    </ClCompile>
    <ClCompile Include="State.cpp">
      <Filter>Source Files</Filter>
    </ClCompile>
    <ClCompile Include="LoadingState.cpp">
      <Filter>Source Files</Filter>
    </ClCompile>
    <ClCompile Include="Controller.cpp">
      <Filter>Source Files</Filter>
    </ClCompile>
    <ClCompile Include="GameState.cpp">
      <Filter>Source Files</Filter>
    </ClCompile>
    <ClCompile Include="ConnectionManager.cpp">
      <Filter>Source Files</Filter>
    </ClCompile>
    <ClCompile Include="Util.cpp">
      <Filter>Source Files</Filter>
    </ClCompile>
    <ClCompile Include="Packet.cpp">
      <Filter>Source Files</Filter>
    </ClCompile>
    <ClCompile Include="Entity.cpp">
      <Filter>Source Files</Filter>
    </ClCompile>
    <ClCompile Include="LivingEntity.cpp">
      <Filter>Source Files</Filter>
    </ClCompile>
    <ClCompile Include="Player.cpp">
      <Filter>Source Files</Filter>
    </ClCompile>
    <ClCompile Include="Enemy.cpp">
      <Filter>Source Files</Filter>
    </ClCompile>
    <ClCompile Include="Enemy1.cpp">
      <Filter>Source Files</Filter>
    </ClCompile>
    <ClCompile Include="Projectile.cpp">
      <Filter>Source Files</Filter>
    </ClCompile>
    <ClCompile Include="World.cpp">
      <Filter>Source Files</Filter>
    </ClCompile>
    <ClCompile Include="TileBox.cpp">
      <Filter>Source Files</Filter>
    </ClCompile>
    <ClCompile Include="Stats.cpp">
      <Filter>Source Files</Filter>
    </ClCompile>
    <ClCompile Include="GameMenu.cpp">
      <Filter>Source Files</Filter>
    </ClCompile>
    <ClCompile Include="Button.cpp">
      <Filter>Source Files</Filter>
    </ClCompile>
    <ClCompile Include="Inventory.cpp">
      <Filter>Source Files</Filter>
    </ClCompile>
    <ClCompile Include="Item.cpp">
      <Filter>Source Files</Filter>
    </ClCompile>
    <ClCompile Include="EMuncher.cpp">
      <Filter>Source Files</Filter>
    </ClCompile>
    <ClCompile Include="LootChest.cpp">
      <Filter>Source Files</Filter>
    </ClCompile>
    <ClCompile Include="PlayerInfo.cpp">
      <Filter>Source Files</Filter>
    </ClCompile>
    <ClCompile Include="LootUI.cpp">
      <Filter>Source Files</Filter>
    </ClCompile>
    <ClCompile Include="EEyeSpore.cpp">
      <Filter>Source Files</Filter>
    </ClCompile>
    <ClCompile Include="Tile.cpp">
      <Filter>Source Files</Filter>
    </ClCompile>
    <ClCompile Include="Biome.cpp">
      <Filter>Source Files</Filter>
    </ClCompile>
    <ClCompile Include="DungeonEntrance.cpp">
      <Filter>Source Files</Filter>
    </ClCompile>
    <ClCompile Include="DisplayTileEntity.cpp">
      <Filter>Source Files</Filter>
    </ClCompile>
    <ClCompile Include="MapGenerator.cpp">
      <Filter>Source Files</Filter>
    </ClCompile>
    <ClCompile Include="OverworldGenerator.cpp">
      <Filter>Source Files</Filter>
    </ClCompile>
    <ClCompile Include="DungeonGenerator.cpp">
      <Filter>Source Files</Filter>
    </ClCompile>
    <ClCompile Include="DesertDungeonGenerator.cpp">
      <Filter>Source Files</Filter>
    </ClCompile>
    <ClCompile Include="Spawner.cpp">
      <Filter>Source Files</Filter>
    </ClCompile>
    <ClCompile Include="ESandGolem.cpp">
      <Filter>Source Files</Filter>
    </ClCompile>
    <ClCompile Include="DamageText.cpp">
      <Filter>Source Files</Filter>
    </ClCompile>
    <ClCompile Include="EMummyBoss.cpp">
      <Filter>Source Files</Filter>
    </ClCompile>
    <ClCompile Include="ChatManager.cpp">
      <Filter>Source Files</Filter>
    </ClCompile>
    <ClCompile Include="TextInput.cpp">
      <Filter>Source Files</Filter>
    </ClCompile>
    <ClCompile Include="ItemHoverUI.cpp">
      <Filter>Source Files</Filter>
    </ClCompile>
    <ClCompile Include="Enemy2.cpp">
      <Filter>Source Files</Filter>
    </ClCompile>
    <ClCompile Include="EIceEnemy.cpp">
      <Filter>Source Files</Filter>
    </ClCompile>
    <ClCompile Include="PlayerViewUI.cpp">
      <Filter>Source Files</Filter>
    </ClCompile>
    <ClCompile Include="XPBarUI.cpp">
      <Filter>Source Files</Filter>
    </ClCompile>
    <ClCompile Include="StatsText.cpp">
      <Filter>Source Files</Filter>
    </ClCompile>
    <ClCompile Include="Minimap.cpp">
      <Filter>Source Files</Filter>
    </ClCompile>
    <ClCompile Include="EScorpion.cpp">
      <Filter>Source Files</Filter>
    </ClCompile>
    <ClCompile Include="ESlime.cpp">
      <Filter>Source Files</Filter>
    </ClCompile>
    <ClCompile Include="EFireMage.cpp">
      <Filter>Source Files</Filter>
    </ClCompile>
    <ClCompile Include="EArcher.cpp">
      <Filter>Source Files</Filter>
    </ClCompile>
    <ClCompile Include="ECursedCactus.cpp">
      <Filter>Source Files</Filter>
    </ClCompile>
    <ClCompile Include="EDarkMuncher.cpp">
      <Filter>Source Files</Filter>
    </ClCompile>
    <ClCompile Include="EElfArcher.cpp">
      <Filter>Source Files</Filter>
    </ClCompile>
    <ClCompile Include="EElfKnight.cpp">
      <Filter>Source Files</Filter>
    </ClCompile>
    <ClCompile Include="ECursedElfKnight.cpp">
      <Filter>Source Files</Filter>
    </ClCompile>
    <ClCompile Include="ELeafling.cpp">
      <Filter>Source Files</Filter>
    </ClCompile>
    <ClCompile Include="GrasslandsDungeonGenerator.cpp">
      <Filter>Source Files</Filter>
    </ClCompile>
    <ClCompile Include="EEnt.cpp">
      <Filter>Source Files</Filter>
    </ClCompile>
    <ClCompile Include="ESpider.cpp">
      <Filter>Source Files</Filter>
    </ClCompile>
    <ClCompile Include="TopLayerTile.cpp">
      <Filter>Source Files</Filter>
    </ClCompile>
    <ClCompile Include="EMegaMuncher.cpp">
      <Filter>Source Files</Filter>
    </ClCompile>
  </ItemGroup>
</Project>